// !$*UTF8*$!
{
	archiveVersion = 1;
	classes = {
	};
	objectVersion = 46;
	objects = {

/* Begin PBXAggregateTarget section */
		3ECB1063449F4B69A52D71EA /* ZERO_CHECK */ = {
			isa = PBXAggregateTarget;
			buildConfigurationList = D0DC7AB746EE42CDACA642A4 /* Build configuration list for PBXAggregateTarget "ZERO_CHECK" */;
			buildPhases = (
				600A60433969E8928AAF4F29 /* Generate CMakeFiles/ZERO_CHECK */,
			);
			dependencies = (
			);
			name = ZERO_CHECK;
			productName = ZERO_CHECK;
		};
		572A8F0F36F64B65A08E2CAF /* ALL_BUILD */ = {
			isa = PBXAggregateTarget;
			buildConfigurationList = A1160AFE638647AC8615AB99 /* Build configuration list for PBXAggregateTarget "ALL_BUILD" */;
			buildPhases = (
				5D13BD986FA64040CE2F9AE0 /* Generate CMakeFiles/ALL_BUILD */,
			);
			dependencies = (
				770A4DB7541D4099AC8F6C63 /* PBXTargetDependency */,
				3ECDFE09886B42A2BD5C8E27 /* PBXTargetDependency */,
				A523955F6473446A8322572E /* PBXTargetDependency */,
				B4CA359BECB24629A8F5C010 /* PBXTargetDependency */,
			);
			name = ALL_BUILD;
			productName = ALL_BUILD;
		};
/* End PBXAggregateTarget section */

/* Begin PBXBuildFile section */
		1C47650A6F5B48D991117298 /* /Users/irisjeong/Documents/hw04-iris-jeong/src/towers.cpp */ = {isa = PBXBuildFile; fileRef = 673F52D056D749E182D4532A /* /Users/irisjeong/Documents/hw04-iris-jeong/src/towers.cpp */; };
		612B14C4B6584E2CAFEDC090 /* /Users/irisjeong/Documents/hw04-iris-jeong/src/peg.h */ = {isa = PBXBuildFile; fileRef = 572FC305012846E0938C5F72 /* /Users/irisjeong/Documents/hw04-iris-jeong/src/peg.h */; };
		6651E91AE52B4AAD85BC5ECD /* /Users/irisjeong/Documents/hw04-iris-jeong/tests/gradedTests.cpp */ = {isa = PBXBuildFile; fileRef = 3D906AA9140444EDADE8769C /* /Users/irisjeong/Documents/hw04-iris-jeong/tests/gradedTests.cpp */; };
		69E6E6A36FA24CF0BD07B681 /* /Applications/Xcode.app/Contents/Developer/Platforms/MacOSX.platform/Developer/SDKs/MacOSX12.3.sdk/System/Library/Frameworks/Cocoa.framework */ = {isa = PBXBuildFile; fileRef = C369A9D6568243D6A6C76299 /* /Applications/Xcode.app/Contents/Developer/Platforms/MacOSX.platform/Developer/SDKs/MacOSX12.3.sdk/System/Library/Frameworks/Cocoa.framework */; };
		775780BB1F994208B50A611C /* /Users/irisjeong/Documents/hw04-iris-jeong/tests/CMakeLists.txt */ = {isa = PBXBuildFile; fileRef = 8C4B03F1357A4C8AB063547D /* /Users/irisjeong/Documents/hw04-iris-jeong/tests/CMakeLists.txt */; };
		896851BCC39B4E45BD9DE414 /* /Users/irisjeong/Documents/hw04-iris-jeong/CMakeLists.txt */ = {isa = PBXBuildFile; fileRef = 961177C3E74242468E6DEB6E /* /Users/irisjeong/Documents/hw04-iris-jeong/CMakeLists.txt */; };
		9351E08716D14C3CA8F78A49 /* /Users/irisjeong/Documents/hw04-iris-jeong/tests/studentTests.cpp */ = {isa = PBXBuildFile; fileRef = FD675EA05A284D5198CB5F4C /* /Users/irisjeong/Documents/hw04-iris-jeong/tests/studentTests.cpp */; };
		BD8BE8CA69D84188B8B1988E /* /Users/irisjeong/Documents/hw04-iris-jeong/src/disk.cpp */ = {isa = PBXBuildFile; fileRef = 8A8BD9ADE0A44164802974F3 /* /Users/irisjeong/Documents/hw04-iris-jeong/src/disk.cpp */; };
		BF51AA76FCA145EF97080892 /* /Users/irisjeong/Documents/hw04-iris-jeong/main.cpp */ = {isa = PBXBuildFile; fileRef = 02C0BC99597842C19400ED3A /* /Users/irisjeong/Documents/hw04-iris-jeong/main.cpp */; };
		CB90A99E6DDA4F72BFF6E42D /* /Users/irisjeong/Documents/hw04-iris-jeong/src/disk.h */ = {isa = PBXBuildFile; fileRef = 2AC116FB946749F695C1632B /* /Users/irisjeong/Documents/hw04-iris-jeong/src/disk.h */; };
		D2197483FF02438FA3B46E8C /* /Users/irisjeong/Documents/hw04-iris-jeong/src/peg.cpp */ = {isa = PBXBuildFile; fileRef = EBB2C0B4BA2843C2BA9B0377 /* /Users/irisjeong/Documents/hw04-iris-jeong/src/peg.cpp */; };
		D557807FDE7C48E687412E4D /* /Users/irisjeong/Documents/hw04-iris-jeong/src/CMakeLists.txt */ = {isa = PBXBuildFile; fileRef = 8F44252015C44B4C93C8A913 /* /Users/irisjeong/Documents/hw04-iris-jeong/src/CMakeLists.txt */; };
		DC0CC9C3664642E394AEA333 /* /Users/irisjeong/Documents/hw04-iris-jeong/src/towers.h */ = {isa = PBXBuildFile; fileRef = 0BEA790736864590B36A6328 /* /Users/irisjeong/Documents/hw04-iris-jeong/src/towers.h */; };
		EFA1258E34EA470FAD1C3C33 /* /Users/irisjeong/Documents/hw04-iris-jeong/tests/Catch.cpp */ = {isa = PBXBuildFile; fileRef = 975EB5B6760947D0B5E94B87 /* /Users/irisjeong/Documents/hw04-iris-jeong/tests/Catch.cpp */; };
/* End PBXBuildFile section */

/* Begin PBXBuildStyle section */
		7521B9F518224685ACA74A7F /* Release */ = {
			isa = PBXBuildStyle;
			buildSettings = {
				COPY_PHASE_STRIP = NO;
			};
			name = Release;
		};
		8D3FA9FD1A364662AD5AEBDB /* RelWithDebInfo */ = {
			isa = PBXBuildStyle;
			buildSettings = {
				COPY_PHASE_STRIP = NO;
			};
			name = RelWithDebInfo;
		};
		C5A4595AF14A4357BCC3377E /* Debug */ = {
			isa = PBXBuildStyle;
			buildSettings = {
				COPY_PHASE_STRIP = NO;
			};
			name = Debug;
		};
		E83309AFC27546D9B444429F /* MinSizeRel */ = {
			isa = PBXBuildStyle;
			buildSettings = {
				COPY_PHASE_STRIP = NO;
			};
			name = MinSizeRel;
		};
/* End PBXBuildStyle section */

/* Begin PBXContainerItemProxy section */
		07976CF162CB486EB2E5723A /* PBXContainerItemProxy */ = {
			isa = PBXContainerItemProxy;
			containerPortal = 632493514D0B4E36866BCFE7 /* Project object */;
			proxyType = 1;
			remoteGlobalIDString = AEABF54D6A1F4D30BB2C27E3;
			remoteInfo = src;
		};
		2CC93376511C46DBA9B297DB /* PBXContainerItemProxy */ = {
			isa = PBXContainerItemProxy;
			containerPortal = 632493514D0B4E36866BCFE7 /* Project object */;
			proxyType = 1;
			remoteGlobalIDString = BBBA70F4551945A7BF1157FB;
			remoteInfo = main;
		};
		A4CAF3E9979D45D9A12BE81B /* PBXContainerItemProxy */ = {
			isa = PBXContainerItemProxy;
			containerPortal = 632493514D0B4E36866BCFE7 /* Project object */;
			proxyType = 1;
			remoteGlobalIDString = 3ECB1063449F4B69A52D71EA;
			remoteInfo = ZERO_CHECK;
		};
		B70193B206FA4B9B9B44D49A /* PBXContainerItemProxy */ = {
			isa = PBXContainerItemProxy;
			containerPortal = 632493514D0B4E36866BCFE7 /* Project object */;
			proxyType = 1;
			remoteGlobalIDString = 3ECB1063449F4B69A52D71EA;
			remoteInfo = ZERO_CHECK;
		};
		BDD3970A7AAB4FECB33AFD1B /* PBXContainerItemProxy */ = {
			isa = PBXContainerItemProxy;
			containerPortal = 632493514D0B4E36866BCFE7 /* Project object */;
			proxyType = 1;
			remoteGlobalIDString = AEABF54D6A1F4D30BB2C27E3;
			remoteInfo = src;
		};
		C5AAD2734BB347F78A0A7045 /* PBXContainerItemProxy */ = {
			isa = PBXContainerItemProxy;
			containerPortal = 632493514D0B4E36866BCFE7 /* Project object */;
			proxyType = 1;
			remoteGlobalIDString = 03B39FDB4BB4490F9CB0EC63;
			remoteInfo = tests;
		};
		C91E1B7E355C4F7AA1845F16 /* PBXContainerItemProxy */ = {
			isa = PBXContainerItemProxy;
			containerPortal = 632493514D0B4E36866BCFE7 /* Project object */;
			proxyType = 1;
			remoteGlobalIDString = AEABF54D6A1F4D30BB2C27E3;
			remoteInfo = src;
		};
		D8E0153D390F47FAAE94EC02 /* PBXContainerItemProxy */ = {
			isa = PBXContainerItemProxy;
			containerPortal = 632493514D0B4E36866BCFE7 /* Project object */;
			proxyType = 1;
			remoteGlobalIDString = 3ECB1063449F4B69A52D71EA;
			remoteInfo = ZERO_CHECK;
		};
		DF73F7CBE62141DC9FB192C8 /* PBXContainerItemProxy */ = {
			isa = PBXContainerItemProxy;
			containerPortal = 632493514D0B4E36866BCFE7 /* Project object */;
			proxyType = 1;
			remoteGlobalIDString = 3ECB1063449F4B69A52D71EA;
			remoteInfo = ZERO_CHECK;
		};
/* End PBXContainerItemProxy section */

/* Begin PBXFileReference section */
		02C0BC99597842C19400ED3A /* /Users/irisjeong/Documents/hw04-iris-jeong/main.cpp */ = {isa = PBXFileReference; explicitFileType = sourcecode.cpp.cpp; fileEncoding = 4; name = main.cpp; path = main.cpp; sourceTree = SOURCE_ROOT; };
		0BEA790736864590B36A6328 /* /Users/irisjeong/Documents/hw04-iris-jeong/src/towers.h */ = {isa = PBXFileReference; explicitFileType = sourcecode.c.h; fileEncoding = 4; name = towers.h; path = src/towers.h; sourceTree = SOURCE_ROOT; };
		1FC2D680A8334FACA8166864 /* tests */ = {isa = PBXFileReference; explicitFileType = "compiled.mach-o.executable"; path = tests; sourceTree = BUILT_PRODUCTS_DIR; };
		2AC116FB946749F695C1632B /* /Users/irisjeong/Documents/hw04-iris-jeong/src/disk.h */ = {isa = PBXFileReference; explicitFileType = sourcecode.c.h; fileEncoding = 4; name = disk.h; path = src/disk.h; sourceTree = SOURCE_ROOT; };
		3D906AA9140444EDADE8769C /* /Users/irisjeong/Documents/hw04-iris-jeong/tests/gradedTests.cpp */ = {isa = PBXFileReference; explicitFileType = sourcecode.cpp.cpp; fileEncoding = 4; name = gradedTests.cpp; path = tests/gradedTests.cpp; sourceTree = SOURCE_ROOT; };
		48DEC1074C2B4B649FE60B36 /* src */ = {isa = PBXFileReference; explicitFileType = archive.ar; path = libsrc.a; sourceTree = BUILT_PRODUCTS_DIR; };
		572FC305012846E0938C5F72 /* /Users/irisjeong/Documents/hw04-iris-jeong/src/peg.h */ = {isa = PBXFileReference; explicitFileType = sourcecode.c.h; fileEncoding = 4; name = peg.h; path = src/peg.h; sourceTree = SOURCE_ROOT; };
		673F52D056D749E182D4532A /* /Users/irisjeong/Documents/hw04-iris-jeong/src/towers.cpp */ = {isa = PBXFileReference; explicitFileType = sourcecode.cpp.cpp; fileEncoding = 4; name = towers.cpp; path = src/towers.cpp; sourceTree = SOURCE_ROOT; };
		8A8BD9ADE0A44164802974F3 /* /Users/irisjeong/Documents/hw04-iris-jeong/src/disk.cpp */ = {isa = PBXFileReference; explicitFileType = sourcecode.cpp.cpp; fileEncoding = 4; name = disk.cpp; path = src/disk.cpp; sourceTree = SOURCE_ROOT; };
		8C4B03F1357A4C8AB063547D /* /Users/irisjeong/Documents/hw04-iris-jeong/tests/CMakeLists.txt */ = {isa = PBXFileReference; explicitFileType = sourcecode.text; fileEncoding = 4; name = CMakeLists.txt; path = tests/CMakeLists.txt; sourceTree = SOURCE_ROOT; };
		8F44252015C44B4C93C8A913 /* /Users/irisjeong/Documents/hw04-iris-jeong/src/CMakeLists.txt */ = {isa = PBXFileReference; explicitFileType = sourcecode.text; fileEncoding = 4; name = CMakeLists.txt; path = src/CMakeLists.txt; sourceTree = SOURCE_ROOT; };
		961177C3E74242468E6DEB6E /* /Users/irisjeong/Documents/hw04-iris-jeong/CMakeLists.txt */ = {isa = PBXFileReference; explicitFileType = sourcecode.text; fileEncoding = 4; name = CMakeLists.txt; path = CMakeLists.txt; sourceTree = SOURCE_ROOT; };
		975EB5B6760947D0B5E94B87 /* /Users/irisjeong/Documents/hw04-iris-jeong/tests/Catch.cpp */ = {isa = PBXFileReference; explicitFileType = sourcecode.cpp.cpp; fileEncoding = 4; name = Catch.cpp; path = tests/Catch.cpp; sourceTree = SOURCE_ROOT; };
		B6FD37E2704345E3ABB8D973 /* /Users/irisjeong/Documents/hw04-iris-jeong/CMakeLists.txt */ = {isa = PBXFileReference; explicitFileType = sourcecode.text; fileEncoding = 4; name = CMakeLists.txt; path = CMakeLists.txt; sourceTree = SOURCE_ROOT; };
		C369A9D6568243D6A6C76299 /* /Applications/Xcode.app/Contents/Developer/Platforms/MacOSX.platform/Developer/SDKs/MacOSX12.3.sdk/System/Library/Frameworks/Cocoa.framework */ = {isa = PBXFileReference; fileEncoding = 4; lastKnownFileType = wrapper.framework; name = Cocoa.framework; path = /Applications/Xcode.app/Contents/Developer/Platforms/MacOSX.platform/Developer/SDKs/MacOSX12.3.sdk/System/Library/Frameworks/Cocoa.framework; sourceTree = "<absolute>"; };
		EBB2C0B4BA2843C2BA9B0377 /* /Users/irisjeong/Documents/hw04-iris-jeong/src/peg.cpp */ = {isa = PBXFileReference; explicitFileType = sourcecode.cpp.cpp; fileEncoding = 4; name = peg.cpp; path = src/peg.cpp; sourceTree = SOURCE_ROOT; };
		F52C6EDC05B84BD3B2F43A60 /* main */ = {isa = PBXFileReference; explicitFileType = "compiled.mach-o.executable"; path = main; sourceTree = BUILT_PRODUCTS_DIR; };
		FD675EA05A284D5198CB5F4C /* /Users/irisjeong/Documents/hw04-iris-jeong/tests/studentTests.cpp */ = {isa = PBXFileReference; explicitFileType = sourcecode.cpp.cpp; fileEncoding = 4; name = studentTests.cpp; path = tests/studentTests.cpp; sourceTree = SOURCE_ROOT; };
/* End PBXFileReference section */

/* Begin PBXFrameworksBuildPhase section */
		02FB0D6191974C2B88F8C723 /* Frameworks */ = {
			isa = PBXFrameworksBuildPhase;
			buildActionMask = 2147483647;
			files = (
			);
			runOnlyForDeploymentPostprocessing = 0;
		};
		4CAC948B99FE4712AA3F04F3 /* Frameworks */ = {
			isa = PBXFrameworksBuildPhase;
			buildActionMask = 2147483647;
			files = (
			);
			runOnlyForDeploymentPostprocessing = 0;
		};
		6445767FECC748EF8E39CBCB /* Frameworks */ = {
			isa = PBXFrameworksBuildPhase;
			buildActionMask = 2147483647;
			files = (
			);
			runOnlyForDeploymentPostprocessing = 0;
		};
/* End PBXFrameworksBuildPhase section */

/* Begin PBXGroup section */
		0024D1EBF3B141ADA7A25245 /* Source Files */ = {
			isa = PBXGroup;
			children = (
				975EB5B6760947D0B5E94B87 /* /Users/irisjeong/Documents/hw04-iris-jeong/tests/Catch.cpp */,
				3D906AA9140444EDADE8769C /* /Users/irisjeong/Documents/hw04-iris-jeong/tests/gradedTests.cpp */,
				FD675EA05A284D5198CB5F4C /* /Users/irisjeong/Documents/hw04-iris-jeong/tests/studentTests.cpp */,
			);
			name = "Source Files";
			sourceTree = "<group>";
		};
		015B69E5E38E4F4AB6962CAA /* Products */ = {
			isa = PBXGroup;
			children = (
				F52C6EDC05B84BD3B2F43A60 /* main */,
				48DEC1074C2B4B649FE60B36 /* src */,
				1FC2D680A8334FACA8166864 /* tests */,
			);
			name = Products;
			sourceTree = "<group>";
		};
		0499561457D548079E5D2FB0 /* main */ = {
			isa = PBXGroup;
			children = (
				9FC491B35DBF405FA222CBC0 /* Source Files */,
				961177C3E74242468E6DEB6E /* /Users/irisjeong/Documents/hw04-iris-jeong/CMakeLists.txt */,
			);
			name = main;
			sourceTree = "<group>";
		};
		05D26401FA7E48509657B18F /* Source Files */ = {
			isa = PBXGroup;
			children = (
				8A8BD9ADE0A44164802974F3 /* /Users/irisjeong/Documents/hw04-iris-jeong/src/disk.cpp */,
				EBB2C0B4BA2843C2BA9B0377 /* /Users/irisjeong/Documents/hw04-iris-jeong/src/peg.cpp */,
				673F52D056D749E182D4532A /* /Users/irisjeong/Documents/hw04-iris-jeong/src/towers.cpp */,
			);
			name = "Source Files";
			sourceTree = "<group>";
		};
		3FF3C327D46946D89A65630E /* src */ = {
			isa = PBXGroup;
			children = (
				05D26401FA7E48509657B18F /* Source Files */,
				6571EC3F09954DC1AB37662F /* Header Files */,
				8F44252015C44B4C93C8A913 /* /Users/irisjeong/Documents/hw04-iris-jeong/src/CMakeLists.txt */,
			);
			name = src;
			sourceTree = "<group>";
		};
		4189FEE0665E4FEDBBF94DB5 /* CMake Rules */ = {
			isa = PBXGroup;
			children = (
			);
			name = "CMake Rules";
			sourceTree = "<group>";
		};
		5A10B3EAED6E40BC89025F0F = {
			isa = PBXGroup;
			children = (
				0499561457D548079E5D2FB0 /* main */,
				FB36CAF35CBC44A299E40A05 /* ALL_BUILD */,
				3FF3C327D46946D89A65630E /* src */,
				C53206E4595D449EB0FFE290 /* tests */,
				015B69E5E38E4F4AB6962CAA /* Products */,
				F0464B8DE8064EB1A062BE4C /* Frameworks */,
			);
			sourceTree = "<group>";
		};
		6571EC3F09954DC1AB37662F /* Header Files */ = {
			isa = PBXGroup;
			children = (
				2AC116FB946749F695C1632B /* /Users/irisjeong/Documents/hw04-iris-jeong/src/disk.h */,
				572FC305012846E0938C5F72 /* /Users/irisjeong/Documents/hw04-iris-jeong/src/peg.h */,
				0BEA790736864590B36A6328 /* /Users/irisjeong/Documents/hw04-iris-jeong/src/towers.h */,
			);
			name = "Header Files";
			sourceTree = "<group>";
		};
		9FC491B35DBF405FA222CBC0 /* Source Files */ = {
			isa = PBXGroup;
			children = (
				02C0BC99597842C19400ED3A /* /Users/irisjeong/Documents/hw04-iris-jeong/main.cpp */,
			);
			name = "Source Files";
			sourceTree = "<group>";
		};
		C53206E4595D449EB0FFE290 /* tests */ = {
			isa = PBXGroup;
			children = (
				0024D1EBF3B141ADA7A25245 /* Source Files */,
				8C4B03F1357A4C8AB063547D /* /Users/irisjeong/Documents/hw04-iris-jeong/tests/CMakeLists.txt */,
			);
			name = tests;
			sourceTree = "<group>";
		};
		F0464B8DE8064EB1A062BE4C /* Frameworks */ = {
			isa = PBXGroup;
			children = (
				C369A9D6568243D6A6C76299 /* /Applications/Xcode.app/Contents/Developer/Platforms/MacOSX.platform/Developer/SDKs/MacOSX12.3.sdk/System/Library/Frameworks/Cocoa.framework */,
			);
			name = Frameworks;
			sourceTree = "<group>";
		};
		FB36CAF35CBC44A299E40A05 /* ALL_BUILD */ = {
			isa = PBXGroup;
			children = (
				4189FEE0665E4FEDBBF94DB5 /* CMake Rules */,
				B6FD37E2704345E3ABB8D973 /* /Users/irisjeong/Documents/hw04-iris-jeong/CMakeLists.txt */,
			);
			name = ALL_BUILD;
			sourceTree = "<group>";
		};
/* End PBXGroup section */

/* Begin PBXNativeTarget section */
		03B39FDB4BB4490F9CB0EC63 /* tests */ = {
			isa = PBXNativeTarget;
			buildConfigurationList = 55EB00D463AD4D66AE44AA18 /* Build configuration list for PBXNativeTarget "tests" */;
			buildPhases = (
				5CB266C1615A4CF5B7030376 /* Sources */,
				4CAC948B99FE4712AA3F04F3 /* Frameworks */,
			);
			buildRules = (
			);
			dependencies = (
				7A417C4727A24A98A401BB32 /* PBXTargetDependency */,
				C2796A14DDBE4578AE80C6D5 /* PBXTargetDependency */,
			);
			name = tests;
			productName = tests;
			productReference = 1FC2D680A8334FACA8166864 /* tests */;
			productType = "com.apple.product-type.tool";
		};
		AEABF54D6A1F4D30BB2C27E3 /* src */ = {
			isa = PBXNativeTarget;
			buildConfigurationList = B84106E2A72749388D9D7266 /* Build configuration list for PBXNativeTarget "src" */;
			buildPhases = (
				BBFFDFD5B5DC496A8060CC9A /* Sources */,
				6445767FECC748EF8E39CBCB /* Frameworks */,
			);
			buildRules = (
			);
			dependencies = (
				BE934A150B70412095F8C985 /* PBXTargetDependency */,
			);
			name = src;
			productName = src;
			productReference = 48DEC1074C2B4B649FE60B36 /* src */;
			productType = "com.apple.product-type.library.static";
		};
		BBBA70F4551945A7BF1157FB /* main */ = {
			isa = PBXNativeTarget;
			buildConfigurationList = 98A19E57DFE14BE2ADF098E8 /* Build configuration list for PBXNativeTarget "main" */;
			buildPhases = (
				C13D69B516FB4757B0D32430 /* Sources */,
				02FB0D6191974C2B88F8C723 /* Frameworks */,
			);
			buildRules = (
			);
			dependencies = (
				354FC08529004152953C23A7 /* PBXTargetDependency */,
				73EA481597AF44ADB61571D1 /* PBXTargetDependency */,
			);
			name = main;
			productName = main;
			productReference = F52C6EDC05B84BD3B2F43A60 /* main */;
			productType = "com.apple.product-type.tool";
		};
/* End PBXNativeTarget section */

/* Begin PBXProject section */
		632493514D0B4E36866BCFE7 /* Project object */ = {
			isa = PBXProject;
			attributes = {
				BuildIndependentTargetsInParallel = YES;
				LastUpgradeCheck = 1400;
			};
			buildConfigurationList = AB71F036D0594AB2B01377E0 /* Build configuration list for PBXProject "HW04" */;
			buildSettings = {
			};
			buildStyles = (
				C5A4595AF14A4357BCC3377E /* Debug */,
				7521B9F518224685ACA74A7F /* Release */,
				E83309AFC27546D9B444429F /* MinSizeRel */,
				8D3FA9FD1A364662AD5AEBDB /* RelWithDebInfo */,
			);
			compatibilityVersion = "Xcode 3.2";
			hasScannedForEncodings = 0;
			mainGroup = 5A10B3EAED6E40BC89025F0F;
			projectDirPath = .;
			projectRoot = "";
			targets = (
				572A8F0F36F64B65A08E2CAF /* ALL_BUILD */,
				3ECB1063449F4B69A52D71EA /* ZERO_CHECK */,
				BBBA70F4551945A7BF1157FB /* main */,
				AEABF54D6A1F4D30BB2C27E3 /* src */,
				03B39FDB4BB4490F9CB0EC63 /* tests */,
			);
		};
/* End PBXProject section */

/* Begin PBXShellScriptBuildPhase section */
		3C0110FC8322DE7E50886E21 = {
			isa = PBXShellScriptBuildPhase;
			buildActionMask = 2147483647;
			files = (
			);
			inputPaths = (
			);
			outputPaths = (
			);
			runOnlyForDeploymentPostprocessing = 0;
			shellPath = /bin/sh;
			shellScript = "# shell script goes here
exit 0";
			showEnvVarsInLog = 0;
		};
		5D13BD986FA64040CE2F9AE0 /* Generate CMakeFiles/ALL_BUILD */ = {
			isa = PBXShellScriptBuildPhase;
			alwaysOutOfDate = 1;
			buildActionMask = 2147483647;
			files = (
			);
			inputPaths = (
			);
			name = "Generate CMakeFiles/ALL_BUILD";
			outputPaths = (
"/Users/irisjeong/Documents/hw04-iris-jeong/CMakeFiles/ALL_BUILD"			);
			runOnlyForDeploymentPostprocessing = 0;
			shellPath = /bin/sh;
			shellScript = "set -e
if test \"$CONFIGURATION\" = \"Debug\"; then :
  cd /Users/irisjeong/Documents/hw04-iris-jeong
  echo Build\\ all\\ projects
fi
if test \"$CONFIGURATION\" = \"Release\"; then :
  cd /Users/irisjeong/Documents/hw04-iris-jeong
  echo Build\\ all\\ projects
fi
if test \"$CONFIGURATION\" = \"MinSizeRel\"; then :
  cd /Users/irisjeong/Documents/hw04-iris-jeong
  echo Build\\ all\\ projects
fi
if test \"$CONFIGURATION\" = \"RelWithDebInfo\"; then :
  cd /Users/irisjeong/Documents/hw04-iris-jeong
  echo Build\\ all\\ projects
fi
";
			showEnvVarsInLog = 0;
		};
		600A60433969E8928AAF4F29 /* Generate CMakeFiles/ZERO_CHECK */ = {
			isa = PBXShellScriptBuildPhase;
			alwaysOutOfDate = 1;
			buildActionMask = 2147483647;
			files = (
			);
			inputPaths = (
			);
			name = "Generate CMakeFiles/ZERO_CHECK";
			outputPaths = (
"/Users/irisjeong/Documents/hw04-iris-jeong/CMakeFiles/ZERO_CHECK"			);
			runOnlyForDeploymentPostprocessing = 0;
			shellPath = /bin/sh;
			shellScript = "set -e
if test \"$CONFIGURATION\" = \"Debug\"; then :
  cd /Users/irisjeong/Documents/hw04-iris-jeong
  make -f /Users/irisjeong/Documents/hw04-iris-jeong/CMakeScripts/ReRunCMake.make
fi
if test \"$CONFIGURATION\" = \"Release\"; then :
  cd /Users/irisjeong/Documents/hw04-iris-jeong
  make -f /Users/irisjeong/Documents/hw04-iris-jeong/CMakeScripts/ReRunCMake.make
fi
if test \"$CONFIGURATION\" = \"MinSizeRel\"; then :
  cd /Users/irisjeong/Documents/hw04-iris-jeong
  make -f /Users/irisjeong/Documents/hw04-iris-jeong/CMakeScripts/ReRunCMake.make
fi
if test \"$CONFIGURATION\" = \"RelWithDebInfo\"; then :
  cd /Users/irisjeong/Documents/hw04-iris-jeong
  make -f /Users/irisjeong/Documents/hw04-iris-jeong/CMakeScripts/ReRunCMake.make
fi
";
			showEnvVarsInLog = 0;
		};
		9B50530E35CC49C82C2FACCF = {
			isa = PBXShellScriptBuildPhase;
			buildActionMask = 2147483647;
			files = (
			);
			inputPaths = (
			);
			outputPaths = (
			);
			runOnlyForDeploymentPostprocessing = 0;
			shellPath = /bin/sh;
			shellScript = "# shell script goes here
exit 0";
			showEnvVarsInLog = 0;
		};
/* End PBXShellScriptBuildPhase section */

/* Begin PBXSourcesBuildPhase section */
		5CB266C1615A4CF5B7030376 /* Sources */ = {
			isa = PBXSourcesBuildPhase;
			buildActionMask = 2147483647;
			files = (
				EFA1258E34EA470FAD1C3C33 /* /Users/irisjeong/Documents/hw04-iris-jeong/tests/Catch.cpp */,
				6651E91AE52B4AAD85BC5ECD /* /Users/irisjeong/Documents/hw04-iris-jeong/tests/gradedTests.cpp */,
				9351E08716D14C3CA8F78A49 /* /Users/irisjeong/Documents/hw04-iris-jeong/tests/studentTests.cpp */,
			);
			runOnlyForDeploymentPostprocessing = 0;
		};
		BBFFDFD5B5DC496A8060CC9A /* Sources */ = {
			isa = PBXSourcesBuildPhase;
			buildActionMask = 2147483647;
			files = (
				BD8BE8CA69D84188B8B1988E /* /Users/irisjeong/Documents/hw04-iris-jeong/src/disk.cpp */,
				D2197483FF02438FA3B46E8C /* /Users/irisjeong/Documents/hw04-iris-jeong/src/peg.cpp */,
				1C47650A6F5B48D991117298 /* /Users/irisjeong/Documents/hw04-iris-jeong/src/towers.cpp */,
			);
			runOnlyForDeploymentPostprocessing = 0;
		};
		C13D69B516FB4757B0D32430 /* Sources */ = {
			isa = PBXSourcesBuildPhase;
			buildActionMask = 2147483647;
			files = (
				BF51AA76FCA145EF97080892 /* /Users/irisjeong/Documents/hw04-iris-jeong/main.cpp */,
			);
			runOnlyForDeploymentPostprocessing = 0;
		};
/* End PBXSourcesBuildPhase section */

/* Begin PBXTargetDependency section */
		354FC08529004152953C23A7 /* PBXTargetDependency */ = {
			isa = PBXTargetDependency;
			target = AEABF54D6A1F4D30BB2C27E3 /* src */;
			targetProxy = 07976CF162CB486EB2E5723A /* PBXContainerItemProxy */;
		};
		3ECDFE09886B42A2BD5C8E27 /* PBXTargetDependency */ = {
			isa = PBXTargetDependency;
			target = 03B39FDB4BB4490F9CB0EC63 /* tests */;
			targetProxy = C5AAD2734BB347F78A0A7045 /* PBXContainerItemProxy */;
		};
		73EA481597AF44ADB61571D1 /* PBXTargetDependency */ = {
			isa = PBXTargetDependency;
			target = 3ECB1063449F4B69A52D71EA /* ZERO_CHECK */;
			targetProxy = B70193B206FA4B9B9B44D49A /* PBXContainerItemProxy */;
		};
		770A4DB7541D4099AC8F6C63 /* PBXTargetDependency */ = {
			isa = PBXTargetDependency;
			target = BBBA70F4551945A7BF1157FB /* main */;
			targetProxy = 2CC93376511C46DBA9B297DB /* PBXContainerItemProxy */;
		};
		7A417C4727A24A98A401BB32 /* PBXTargetDependency */ = {
			isa = PBXTargetDependency;
			target = AEABF54D6A1F4D30BB2C27E3 /* src */;
			targetProxy = BDD3970A7AAB4FECB33AFD1B /* PBXContainerItemProxy */;
		};
		A523955F6473446A8322572E /* PBXTargetDependency */ = {
			isa = PBXTargetDependency;
			target = AEABF54D6A1F4D30BB2C27E3 /* src */;
			targetProxy = C91E1B7E355C4F7AA1845F16 /* PBXContainerItemProxy */;
		};
		B4CA359BECB24629A8F5C010 /* PBXTargetDependency */ = {
			isa = PBXTargetDependency;
			target = 3ECB1063449F4B69A52D71EA /* ZERO_CHECK */;
			targetProxy = A4CAF3E9979D45D9A12BE81B /* PBXContainerItemProxy */;
		};
		BE934A150B70412095F8C985 /* PBXTargetDependency */ = {
			isa = PBXTargetDependency;
			target = 3ECB1063449F4B69A52D71EA /* ZERO_CHECK */;
			targetProxy = DF73F7CBE62141DC9FB192C8 /* PBXContainerItemProxy */;
		};
		C2796A14DDBE4578AE80C6D5 /* PBXTargetDependency */ = {
			isa = PBXTargetDependency;
			target = 3ECB1063449F4B69A52D71EA /* ZERO_CHECK */;
			targetProxy = D8E0153D390F47FAAE94EC02 /* PBXContainerItemProxy */;
		};
/* End PBXTargetDependency section */

/* Begin XCBuildConfiguration section */
		014C15634168467788CF1069 /* RelWithDebInfo */ = {
			isa = XCBuildConfiguration;
			buildSettings = {
				ARCHS = x86_64;
				COMBINE_HIDPI_IMAGES = YES;
				EXECUTABLE_PREFIX = "";
				EXECUTABLE_SUFFIX = "";
				GCC_GENERATE_DEBUGGING_SYMBOLS = YES;
				GCC_INLINES_ARE_PRIVATE_EXTERN = NO;
				GCC_OPTIMIZATION_LEVEL = 2;
				GCC_PREPROCESSOR_DEFINITIONS = ("'CMAKE_INTDIR=\"$(CONFIGURATION)$(EFFECTIVE_PLATFORM_NAME)\"'","$(inherited)");
				GCC_SYMBOLS_PRIVATE_EXTERN = NO;
				HEADER_SEARCH_PATHS = ("/Users/irisjeong/Documents/hw04-iris-jeong/src","/Users/irisjeong/Documents/hw04-iris-jeong/ITPLib","$(inherited)");
				INSTALL_PATH = "";
				ONLY_ACTIVE_ARCH = NO;
				OTHER_CPLUSPLUSFLAGS = "       -DNDEBUG '-std=gnu++11' ";
				OTHER_LDFLAGS = (" -Wl,-search_paths_first -Wl,-headerpad_max_install_names","/Users/irisjeong/Documents/hw04-iris-jeong/src/RelWithDebInfo/libsrc.a","$(inherited)");
				OTHER_REZFLAGS = "";
				PRODUCT_NAME = tests;
				SECTORDER_FLAGS = "";
				SYMROOT = "/Users/irisjeong/Documents/hw04-iris-jeong/tests";
				USE_HEADERMAP = NO;
				WARNING_CFLAGS = ("$(inherited)");
			};
			name = RelWithDebInfo;
		};
		0D7A5978E650436B9D8A9897 /* RelWithDebInfo */ = {
			isa = XCBuildConfiguration;
			buildSettings = {
				COMBINE_HIDPI_IMAGES = YES;
				GCC_GENERATE_DEBUGGING_SYMBOLS = YES;
				GCC_INLINES_ARE_PRIVATE_EXTERN = NO;
				GCC_OPTIMIZATION_LEVEL = 0;
				GCC_PREPROCESSOR_DEFINITIONS = ("'CMAKE_INTDIR=\"$(CONFIGURATION)$(EFFECTIVE_PLATFORM_NAME)\"'","$(inherited)");
				GCC_SYMBOLS_PRIVATE_EXTERN = NO;
				INSTALL_PATH = "";
				OTHER_LDFLAGS = ("","$(inherited)");
				OTHER_REZFLAGS = "";
				PRODUCT_NAME = ALL_BUILD;
				SECTORDER_FLAGS = "";
				SYMROOT = "/Users/irisjeong/Documents/hw04-iris-jeong";
				USE_HEADERMAP = NO;
				WARNING_CFLAGS = ("$(inherited)");
			};
			name = RelWithDebInfo;
		};
		16960F16A13E4F1A9AB5305D /* Debug */ = {
			isa = XCBuildConfiguration;
			buildSettings = {
				ARCHS = x86_64;
				COMBINE_HIDPI_IMAGES = YES;
				EXECUTABLE_PREFIX = lib;
				EXECUTABLE_SUFFIX = .a;
				GCC_GENERATE_DEBUGGING_SYMBOLS = YES;
				GCC_INLINES_ARE_PRIVATE_EXTERN = NO;
				GCC_OPTIMIZATION_LEVEL = 0;
				GCC_PREPROCESSOR_DEFINITIONS = ("'CMAKE_INTDIR=\"$(CONFIGURATION)$(EFFECTIVE_PLATFORM_NAME)\"'","$(inherited)");
				GCC_SYMBOLS_PRIVATE_EXTERN = NO;
				HEADER_SEARCH_PATHS = ("/Users/irisjeong/Documents/hw04-iris-jeong/src","/Users/irisjeong/Documents/hw04-iris-jeong/ITPLib","$(inherited)");
				INSTALL_PATH = "";
				LIBRARY_STYLE = STATIC;
				ONLY_ACTIVE_ARCH = NO;
				OTHER_CPLUSPLUSFLAGS = "   '-std=gnu++11' ";
				OTHER_LIBTOOLFLAGS = ("");
				OTHER_REZFLAGS = "";
				PRODUCT_NAME = src;
				SECTORDER_FLAGS = "";
				SYMROOT = "/Users/irisjeong/Documents/hw04-iris-jeong/src";
				USE_HEADERMAP = NO;
				WARNING_CFLAGS = ("$(inherited)");
			};
			name = Debug;
		};
		1AF0DD050E8E4144B136409F /* Debug */ = {
			isa = XCBuildConfiguration;
			buildSettings = {
				ARCHS = x86_64;
				COMBINE_HIDPI_IMAGES = YES;
				EXECUTABLE_PREFIX = "";
				EXECUTABLE_SUFFIX = "";
				GCC_GENERATE_DEBUGGING_SYMBOLS = YES;
				GCC_INLINES_ARE_PRIVATE_EXTERN = NO;
				GCC_OPTIMIZATION_LEVEL = 0;
				GCC_PREPROCESSOR_DEFINITIONS = ("'CMAKE_INTDIR=\"$(CONFIGURATION)$(EFFECTIVE_PLATFORM_NAME)\"'","$(inherited)");
				GCC_SYMBOLS_PRIVATE_EXTERN = NO;
				HEADER_SEARCH_PATHS = ("/Users/irisjeong/Documents/hw04-iris-jeong/src","/Users/irisjeong/Documents/hw04-iris-jeong/ITPLib","$(inherited)");
				INSTALL_PATH = "";
				ONLY_ACTIVE_ARCH = NO;
				OTHER_CPLUSPLUSFLAGS = "   '-std=gnu++11' ";
				OTHER_LDFLAGS = (" -Wl,-search_paths_first -Wl,-headerpad_max_install_names","/Users/irisjeong/Documents/hw04-iris-jeong/src/Debug/libsrc.a","$(inherited)");
				OTHER_REZFLAGS = "";
				PRODUCT_NAME = tests;
				SECTORDER_FLAGS = "";
				SYMROOT = "/Users/irisjeong/Documents/hw04-iris-jeong/tests";
				USE_HEADERMAP = NO;
				WARNING_CFLAGS = ("$(inherited)");
			};
			name = Debug;
		};
		31279028524B4AD880882BD5 /* Release */ = {
			isa = XCBuildConfiguration;
			buildSettings = {
				ARCHS = x86_64;
				COMBINE_HIDPI_IMAGES = YES;
				EXECUTABLE_PREFIX = lib;
				EXECUTABLE_SUFFIX = .a;
				GCC_GENERATE_DEBUGGING_SYMBOLS = NO;
				GCC_INLINES_ARE_PRIVATE_EXTERN = NO;
				GCC_OPTIMIZATION_LEVEL = 3;
				GCC_PREPROCESSOR_DEFINITIONS = ("'CMAKE_INTDIR=\"$(CONFIGURATION)$(EFFECTIVE_PLATFORM_NAME)\"'","$(inherited)");
				GCC_SYMBOLS_PRIVATE_EXTERN = NO;
				HEADER_SEARCH_PATHS = ("/Users/irisjeong/Documents/hw04-iris-jeong/src","/Users/irisjeong/Documents/hw04-iris-jeong/ITPLib","$(inherited)");
				INSTALL_PATH = "";
				LIBRARY_STYLE = STATIC;
				ONLY_ACTIVE_ARCH = NO;
				OTHER_CPLUSPLUSFLAGS = "    -DNDEBUG '-std=gnu++11' ";
				OTHER_LIBTOOLFLAGS = ("");
				OTHER_REZFLAGS = "";
				PRODUCT_NAME = src;
				SECTORDER_FLAGS = "";
				SYMROOT = "/Users/irisjeong/Documents/hw04-iris-jeong/src";
				USE_HEADERMAP = NO;
				WARNING_CFLAGS = ("$(inherited)");
			};
			name = Release;
		};
		415166A6725244DFAE634AC1 /* MinSizeRel */ = {
			isa = XCBuildConfiguration;
			buildSettings = {
				ARCHS = x86_64;
				SDKROOT = /Applications/Xcode.app/Contents/Developer/Platforms/MacOSX.platform/Developer/SDKs/MacOSX12.3.sdk;
				SYMROOT = "/Users/irisjeong/Documents/hw04-iris-jeong/build";
			};
			name = MinSizeRel;
		};
		4C1FDD3411804253ADA002B0 /* RelWithDebInfo */ = {
			isa = XCBuildConfiguration;
			buildSettings = {
				ARCHS = x86_64;
				COMBINE_HIDPI_IMAGES = YES;
				EXECUTABLE_PREFIX = "";
				EXECUTABLE_SUFFIX = "";
				GCC_GENERATE_DEBUGGING_SYMBOLS = YES;
				GCC_INLINES_ARE_PRIVATE_EXTERN = NO;
				GCC_OPTIMIZATION_LEVEL = 2;
				GCC_PREPROCESSOR_DEFINITIONS = ("'CMAKE_INTDIR=\"$(CONFIGURATION)$(EFFECTIVE_PLATFORM_NAME)\"'","$(inherited)");
				GCC_SYMBOLS_PRIVATE_EXTERN = NO;
				HEADER_SEARCH_PATHS = ("/Users/irisjeong/Documents/hw04-iris-jeong/src","/Users/irisjeong/Documents/hw04-iris-jeong/ITPLib","$(inherited)");
				INSTALL_PATH = "";
				LD_RUNPATH_SEARCH_PATHS = ("/Users/irisjeong/Documents/hw04-iris-jeong/ITPLib","$(inherited)");
				LIBRARY_SEARCH_PATHS = ("/Users/irisjeong/Documents/hw04-iris-jeong/ITPLib/$(CONFIGURATION)$(EFFECTIVE_PLATFORM_NAME)","/Users/irisjeong/Documents/hw04-iris-jeong/ITPLib","$(inherited)");
				ONLY_ACTIVE_ARCH = NO;
				OTHER_CPLUSPLUSFLAGS = "       -DNDEBUG '-std=gnu++11' ";
				OTHER_LDFLAGS = (" -Wl,-search_paths_first -Wl,-headerpad_max_install_names","/Users/irisjeong/Documents/hw04-iris-jeong/src/RelWithDebInfo/libsrc.a","-lITPlib","-Xlinker -framework -Xlinker Cocoa","$(inherited)");
				OTHER_REZFLAGS = "";
				PRODUCT_NAME = main;
				SECTORDER_FLAGS = "";
				SYMROOT = "/Users/irisjeong/Documents/hw04-iris-jeong";
				USE_HEADERMAP = NO;
				WARNING_CFLAGS = ("$(inherited)");
			};
			name = RelWithDebInfo;
		};
		53E82EA8061B43C38D7C19BE /* MinSizeRel */ = {
			isa = XCBuildConfiguration;
			buildSettings = {
				COMBINE_HIDPI_IMAGES = YES;
				GCC_GENERATE_DEBUGGING_SYMBOLS = YES;
				GCC_INLINES_ARE_PRIVATE_EXTERN = NO;
				GCC_OPTIMIZATION_LEVEL = 0;
				GCC_PREPROCESSOR_DEFINITIONS = ("'CMAKE_INTDIR=\"$(CONFIGURATION)$(EFFECTIVE_PLATFORM_NAME)\"'","$(inherited)");
				GCC_SYMBOLS_PRIVATE_EXTERN = NO;
				INSTALL_PATH = "";
				OTHER_LDFLAGS = ("","$(inherited)");
				OTHER_REZFLAGS = "";
				PRODUCT_NAME = ZERO_CHECK;
				SECTORDER_FLAGS = "";
				SYMROOT = "/Users/irisjeong/Documents/hw04-iris-jeong";
				USE_HEADERMAP = NO;
				WARNING_CFLAGS = ("$(inherited)");
			};
			name = MinSizeRel;
		};
		5EBD59583C6545649EFFECC2 /* RelWithDebInfo */ = {
			isa = XCBuildConfiguration;
			buildSettings = {
				ARCHS = x86_64;
				COMBINE_HIDPI_IMAGES = YES;
				EXECUTABLE_PREFIX = lib;
				EXECUTABLE_SUFFIX = .a;
				GCC_GENERATE_DEBUGGING_SYMBOLS = YES;
				GCC_INLINES_ARE_PRIVATE_EXTERN = NO;
				GCC_OPTIMIZATION_LEVEL = 2;
				GCC_PREPROCESSOR_DEFINITIONS = ("'CMAKE_INTDIR=\"$(CONFIGURATION)$(EFFECTIVE_PLATFORM_NAME)\"'","$(inherited)");
				GCC_SYMBOLS_PRIVATE_EXTERN = NO;
				HEADER_SEARCH_PATHS = ("/Users/irisjeong/Documents/hw04-iris-jeong/src","/Users/irisjeong/Documents/hw04-iris-jeong/ITPLib","$(inherited)");
				INSTALL_PATH = "";
				LIBRARY_STYLE = STATIC;
				ONLY_ACTIVE_ARCH = NO;
				OTHER_CPLUSPLUSFLAGS = "       -DNDEBUG '-std=gnu++11' ";
				OTHER_LIBTOOLFLAGS = ("");
				OTHER_REZFLAGS = "";
				PRODUCT_NAME = src;
				SECTORDER_FLAGS = "";
				SYMROOT = "/Users/irisjeong/Documents/hw04-iris-jeong/src";
				USE_HEADERMAP = NO;
				WARNING_CFLAGS = ("$(inherited)");
			};
			name = RelWithDebInfo;
		};
		62DECEBF82974245A607DE3E /* RelWithDebInfo */ = {
			isa = XCBuildConfiguration;
			buildSettings = {
				ARCHS = x86_64;
				SDKROOT = /Applications/Xcode.app/Contents/Developer/Platforms/MacOSX.platform/Developer/SDKs/MacOSX12.3.sdk;
				SYMROOT = "/Users/irisjeong/Documents/hw04-iris-jeong/build";
			};
			name = RelWithDebInfo;
		};
		6DF386761E34420FA5755FE7 /* Release */ = {
			isa = XCBuildConfiguration;
			buildSettings = {
				ARCHS = x86_64;
				SDKROOT = /Applications/Xcode.app/Contents/Developer/Platforms/MacOSX.platform/Developer/SDKs/MacOSX12.3.sdk;
				SYMROOT = "/Users/irisjeong/Documents/hw04-iris-jeong/build";
			};
			name = Release;
		};
		76985CA9FE39468EAE41D16C /* MinSizeRel */ = {
			isa = XCBuildConfiguration;
			buildSettings = {
				ARCHS = x86_64;
				COMBINE_HIDPI_IMAGES = YES;
				EXECUTABLE_PREFIX = "";
				EXECUTABLE_SUFFIX = "";
				GCC_GENERATE_DEBUGGING_SYMBOLS = NO;
				GCC_INLINES_ARE_PRIVATE_EXTERN = NO;
				GCC_OPTIMIZATION_LEVEL = s;
				GCC_PREPROCESSOR_DEFINITIONS = ("'CMAKE_INTDIR=\"$(CONFIGURATION)$(EFFECTIVE_PLATFORM_NAME)\"'","$(inherited)");
				GCC_SYMBOLS_PRIVATE_EXTERN = NO;
				HEADER_SEARCH_PATHS = ("/Users/irisjeong/Documents/hw04-iris-jeong/src","/Users/irisjeong/Documents/hw04-iris-jeong/ITPLib","$(inherited)");
				INSTALL_PATH = "";
				ONLY_ACTIVE_ARCH = NO;
				OTHER_CPLUSPLUSFLAGS = "    -DNDEBUG '-std=gnu++11' ";
				OTHER_LDFLAGS = (" -Wl,-search_paths_first -Wl,-headerpad_max_install_names","/Users/irisjeong/Documents/hw04-iris-jeong/src/MinSizeRel/libsrc.a","$(inherited)");
				OTHER_REZFLAGS = "";
				PRODUCT_NAME = tests;
				SECTORDER_FLAGS = "";
				SYMROOT = "/Users/irisjeong/Documents/hw04-iris-jeong/tests";
				USE_HEADERMAP = NO;
				WARNING_CFLAGS = ("$(inherited)");
			};
			name = MinSizeRel;
		};
		7759E652243C4CCB9F509738 /* Release */ = {
			isa = XCBuildConfiguration;
			buildSettings = {
				COMBINE_HIDPI_IMAGES = YES;
				GCC_GENERATE_DEBUGGING_SYMBOLS = YES;
				GCC_INLINES_ARE_PRIVATE_EXTERN = NO;
				GCC_OPTIMIZATION_LEVEL = 0;
				GCC_PREPROCESSOR_DEFINITIONS = ("'CMAKE_INTDIR=\"$(CONFIGURATION)$(EFFECTIVE_PLATFORM_NAME)\"'","$(inherited)");
				GCC_SYMBOLS_PRIVATE_EXTERN = NO;
				INSTALL_PATH = "";
				OTHER_LDFLAGS = ("","$(inherited)");
				OTHER_REZFLAGS = "";
				PRODUCT_NAME = ALL_BUILD;
				SECTORDER_FLAGS = "";
				SYMROOT = "/Users/irisjeong/Documents/hw04-iris-jeong";
				USE_HEADERMAP = NO;
				WARNING_CFLAGS = ("$(inherited)");
			};
			name = Release;
		};
		780FB511F9BB4AD091E9BEC8 /* Debug */ = {
			isa = XCBuildConfiguration;
			buildSettings = {
				COMBINE_HIDPI_IMAGES = YES;
				GCC_GENERATE_DEBUGGING_SYMBOLS = YES;
				GCC_INLINES_ARE_PRIVATE_EXTERN = NO;
				GCC_OPTIMIZATION_LEVEL = 0;
				GCC_PREPROCESSOR_DEFINITIONS = ("'CMAKE_INTDIR=\"$(CONFIGURATION)$(EFFECTIVE_PLATFORM_NAME)\"'","$(inherited)");
				GCC_SYMBOLS_PRIVATE_EXTERN = NO;
				INSTALL_PATH = "";
				OTHER_LDFLAGS = ("","$(inherited)");
				OTHER_REZFLAGS = "";
				PRODUCT_NAME = ALL_BUILD;
				SECTORDER_FLAGS = "";
				SYMROOT = "/Users/irisjeong/Documents/hw04-iris-jeong";
				USE_HEADERMAP = NO;
				WARNING_CFLAGS = ("$(inherited)");
			};
			name = Debug;
		};
		7EADE7FB111F470E8095274E /* Release */ = {
			isa = XCBuildConfiguration;
			buildSettings = {
				ARCHS = x86_64;
				COMBINE_HIDPI_IMAGES = YES;
				EXECUTABLE_PREFIX = "";
				EXECUTABLE_SUFFIX = "";
				GCC_GENERATE_DEBUGGING_SYMBOLS = NO;
				GCC_INLINES_ARE_PRIVATE_EXTERN = NO;
				GCC_OPTIMIZATION_LEVEL = 3;
				GCC_PREPROCESSOR_DEFINITIONS = ("'CMAKE_INTDIR=\"$(CONFIGURATION)$(EFFECTIVE_PLATFORM_NAME)\"'","$(inherited)");
				GCC_SYMBOLS_PRIVATE_EXTERN = NO;
				HEADER_SEARCH_PATHS = ("/Users/irisjeong/Documents/hw04-iris-jeong/src","/Users/irisjeong/Documents/hw04-iris-jeong/ITPLib","$(inherited)");
				INSTALL_PATH = "";
				ONLY_ACTIVE_ARCH = NO;
				OTHER_CPLUSPLUSFLAGS = "    -DNDEBUG '-std=gnu++11' ";
				OTHER_LDFLAGS = (" -Wl,-search_paths_first -Wl,-headerpad_max_install_names","/Users/irisjeong/Documents/hw04-iris-jeong/src/Release/libsrc.a","$(inherited)");
				OTHER_REZFLAGS = "";
				PRODUCT_NAME = tests;
				SECTORDER_FLAGS = "";
				SYMROOT = "/Users/irisjeong/Documents/hw04-iris-jeong/tests";
				USE_HEADERMAP = NO;
				WARNING_CFLAGS = ("$(inherited)");
			};
			name = Release;
		};
		7EE0C8485FD34B878CF640E3 /* Release */ = {
			isa = XCBuildConfiguration;
			buildSettings = {
				ARCHS = x86_64;
				COMBINE_HIDPI_IMAGES = YES;
				EXECUTABLE_PREFIX = "";
				EXECUTABLE_SUFFIX = "";
				GCC_GENERATE_DEBUGGING_SYMBOLS = NO;
				GCC_INLINES_ARE_PRIVATE_EXTERN = NO;
				GCC_OPTIMIZATION_LEVEL = 3;
				GCC_PREPROCESSOR_DEFINITIONS = ("'CMAKE_INTDIR=\"$(CONFIGURATION)$(EFFECTIVE_PLATFORM_NAME)\"'","$(inherited)");
				GCC_SYMBOLS_PRIVATE_EXTERN = NO;
				HEADER_SEARCH_PATHS = ("/Users/irisjeong/Documents/hw04-iris-jeong/src","/Users/irisjeong/Documents/hw04-iris-jeong/ITPLib","$(inherited)");
				INSTALL_PATH = "";
				LD_RUNPATH_SEARCH_PATHS = ("/Users/irisjeong/Documents/hw04-iris-jeong/ITPLib","$(inherited)");
				LIBRARY_SEARCH_PATHS = ("/Users/irisjeong/Documents/hw04-iris-jeong/ITPLib/$(CONFIGURATION)$(EFFECTIVE_PLATFORM_NAME)","/Users/irisjeong/Documents/hw04-iris-jeong/ITPLib","$(inherited)");
				ONLY_ACTIVE_ARCH = NO;
				OTHER_CPLUSPLUSFLAGS = "    -DNDEBUG '-std=gnu++11' ";
				OTHER_LDFLAGS = (" -Wl,-search_paths_first -Wl,-headerpad_max_install_names","/Users/irisjeong/Documents/hw04-iris-jeong/src/Release/libsrc.a","-lITPlib","-Xlinker -framework -Xlinker Cocoa","$(inherited)");
				OTHER_REZFLAGS = "";
				PRODUCT_NAME = main;
				SECTORDER_FLAGS = "";
				SYMROOT = "/Users/irisjeong/Documents/hw04-iris-jeong";
				USE_HEADERMAP = NO;
				WARNING_CFLAGS = ("$(inherited)");
			};
			name = Release;
		};
		A0419354125044D19C8F8AF0 /* MinSizeRel */ = {
			isa = XCBuildConfiguration;
			buildSettings = {
				ARCHS = x86_64;
				COMBINE_HIDPI_IMAGES = YES;
				EXECUTABLE_PREFIX = lib;
				EXECUTABLE_SUFFIX = .a;
				GCC_GENERATE_DEBUGGING_SYMBOLS = NO;
				GCC_INLINES_ARE_PRIVATE_EXTERN = NO;
				GCC_OPTIMIZATION_LEVEL = s;
				GCC_PREPROCESSOR_DEFINITIONS = ("'CMAKE_INTDIR=\"$(CONFIGURATION)$(EFFECTIVE_PLATFORM_NAME)\"'","$(inherited)");
				GCC_SYMBOLS_PRIVATE_EXTERN = NO;
				HEADER_SEARCH_PATHS = ("/Users/irisjeong/Documents/hw04-iris-jeong/src","/Users/irisjeong/Documents/hw04-iris-jeong/ITPLib","$(inherited)");
				INSTALL_PATH = "";
				LIBRARY_STYLE = STATIC;
				ONLY_ACTIVE_ARCH = NO;
				OTHER_CPLUSPLUSFLAGS = "    -DNDEBUG '-std=gnu++11' ";
				OTHER_LIBTOOLFLAGS = ("");
				OTHER_REZFLAGS = "";
				PRODUCT_NAME = src;
				SECTORDER_FLAGS = "";
				SYMROOT = "/Users/irisjeong/Documents/hw04-iris-jeong/src";
				USE_HEADERMAP = NO;
				WARNING_CFLAGS = ("$(inherited)");
			};
			name = MinSizeRel;
		};
		A39B6F6A29244AA6845115AB /* Debug */ = {
			isa = XCBuildConfiguration;
			buildSettings = {
				COMBINE_HIDPI_IMAGES = YES;
				GCC_GENERATE_DEBUGGING_SYMBOLS = YES;
				GCC_INLINES_ARE_PRIVATE_EXTERN = NO;
				GCC_OPTIMIZATION_LEVEL = 0;
				GCC_PREPROCESSOR_DEFINITIONS = ("'CMAKE_INTDIR=\"$(CONFIGURATION)$(EFFECTIVE_PLATFORM_NAME)\"'","$(inherited)");
				GCC_SYMBOLS_PRIVATE_EXTERN = NO;
				INSTALL_PATH = "";
				OTHER_LDFLAGS = ("","$(inherited)");
				OTHER_REZFLAGS = "";
				PRODUCT_NAME = ZERO_CHECK;
				SECTORDER_FLAGS = "";
				SYMROOT = "/Users/irisjeong/Documents/hw04-iris-jeong";
				USE_HEADERMAP = NO;
				WARNING_CFLAGS = ("$(inherited)");
			};
			name = Debug;
		};
		ADCE892A8B944DCB8C685688 /* RelWithDebInfo */ = {
			isa = XCBuildConfiguration;
			buildSettings = {
				COMBINE_HIDPI_IMAGES = YES;
				GCC_GENERATE_DEBUGGING_SYMBOLS = YES;
				GCC_INLINES_ARE_PRIVATE_EXTERN = NO;
				GCC_OPTIMIZATION_LEVEL = 0;
				GCC_PREPROCESSOR_DEFINITIONS = ("'CMAKE_INTDIR=\"$(CONFIGURATION)$(EFFECTIVE_PLATFORM_NAME)\"'","$(inherited)");
				GCC_SYMBOLS_PRIVATE_EXTERN = NO;
				INSTALL_PATH = "";
				OTHER_LDFLAGS = ("","$(inherited)");
				OTHER_REZFLAGS = "";
				PRODUCT_NAME = ZERO_CHECK;
				SECTORDER_FLAGS = "";
				SYMROOT = "/Users/irisjeong/Documents/hw04-iris-jeong";
				USE_HEADERMAP = NO;
				WARNING_CFLAGS = ("$(inherited)");
			};
			name = RelWithDebInfo;
		};
		B8D1D6BA635340F0B7630B90 /* Debug */ = {
			isa = XCBuildConfiguration;
			buildSettings = {
				ARCHS = x86_64;
				COMBINE_HIDPI_IMAGES = YES;
				EXECUTABLE_PREFIX = "";
				EXECUTABLE_SUFFIX = "";
				GCC_GENERATE_DEBUGGING_SYMBOLS = YES;
				GCC_INLINES_ARE_PRIVATE_EXTERN = NO;
				GCC_OPTIMIZATION_LEVEL = 0;
				GCC_PREPROCESSOR_DEFINITIONS = ("'CMAKE_INTDIR=\"$(CONFIGURATION)$(EFFECTIVE_PLATFORM_NAME)\"'","$(inherited)");
				GCC_SYMBOLS_PRIVATE_EXTERN = NO;
				HEADER_SEARCH_PATHS = ("/Users/irisjeong/Documents/hw04-iris-jeong/src","/Users/irisjeong/Documents/hw04-iris-jeong/ITPLib","$(inherited)");
				INSTALL_PATH = "";
				LD_RUNPATH_SEARCH_PATHS = ("/Users/irisjeong/Documents/hw04-iris-jeong/ITPLib","$(inherited)");
				LIBRARY_SEARCH_PATHS = ("/Users/irisjeong/Documents/hw04-iris-jeong/ITPLib/$(CONFIGURATION)$(EFFECTIVE_PLATFORM_NAME)","/Users/irisjeong/Documents/hw04-iris-jeong/ITPLib","$(inherited)");
				ONLY_ACTIVE_ARCH = NO;
				OTHER_CPLUSPLUSFLAGS = "   '-std=gnu++11' ";
				OTHER_LDFLAGS = (" -Wl,-search_paths_first -Wl,-headerpad_max_install_names","/Users/irisjeong/Documents/hw04-iris-jeong/src/Debug/libsrc.a","-lITPlib","-Xlinker -framework -Xlinker Cocoa","$(inherited)");
				OTHER_REZFLAGS = "";
				PRODUCT_NAME = main;
				SECTORDER_FLAGS = "";
				SYMROOT = "/Users/irisjeong/Documents/hw04-iris-jeong";
				USE_HEADERMAP = NO;
				WARNING_CFLAGS = ("$(inherited)");
			};
			name = Debug;
		};
		BD97EC3678CA460F89243A3A /* MinSizeRel */ = {
			isa = XCBuildConfiguration;
			buildSettings = {
				COMBINE_HIDPI_IMAGES = YES;
				GCC_GENERATE_DEBUGGING_SYMBOLS = YES;
				GCC_INLINES_ARE_PRIVATE_EXTERN = NO;
				GCC_OPTIMIZATION_LEVEL = 0;
				GCC_PREPROCESSOR_DEFINITIONS = ("'CMAKE_INTDIR=\"$(CONFIGURATION)$(EFFECTIVE_PLATFORM_NAME)\"'","$(inherited)");
				GCC_SYMBOLS_PRIVATE_EXTERN = NO;
				INSTALL_PATH = "";
				OTHER_LDFLAGS = ("","$(inherited)");
				OTHER_REZFLAGS = "";
				PRODUCT_NAME = ALL_BUILD;
				SECTORDER_FLAGS = "";
				SYMROOT = "/Users/irisjeong/Documents/hw04-iris-jeong";
				USE_HEADERMAP = NO;
				WARNING_CFLAGS = ("$(inherited)");
			};
			name = MinSizeRel;
		};
		E2D1F42CAF06445C94C1AD28 /* MinSizeRel */ = {
			isa = XCBuildConfiguration;
			buildSettings = {
				ARCHS = x86_64;
				COMBINE_HIDPI_IMAGES = YES;
				EXECUTABLE_PREFIX = "";
				EXECUTABLE_SUFFIX = "";
				GCC_GENERATE_DEBUGGING_SYMBOLS = NO;
				GCC_INLINES_ARE_PRIVATE_EXTERN = NO;
				GCC_OPTIMIZATION_LEVEL = s;
				GCC_PREPROCESSOR_DEFINITIONS = ("'CMAKE_INTDIR=\"$(CONFIGURATION)$(EFFECTIVE_PLATFORM_NAME)\"'","$(inherited)");
				GCC_SYMBOLS_PRIVATE_EXTERN = NO;
				HEADER_SEARCH_PATHS = ("/Users/irisjeong/Documents/hw04-iris-jeong/src","/Users/irisjeong/Documents/hw04-iris-jeong/ITPLib","$(inherited)");
				INSTALL_PATH = "";
				LD_RUNPATH_SEARCH_PATHS = ("/Users/irisjeong/Documents/hw04-iris-jeong/ITPLib","$(inherited)");
				LIBRARY_SEARCH_PATHS = ("/Users/irisjeong/Documents/hw04-iris-jeong/ITPLib/$(CONFIGURATION)$(EFFECTIVE_PLATFORM_NAME)","/Users/irisjeong/Documents/hw04-iris-jeong/ITPLib","$(inherited)");
				ONLY_ACTIVE_ARCH = NO;
				OTHER_CPLUSPLUSFLAGS = "    -DNDEBUG '-std=gnu++11' ";
				OTHER_LDFLAGS = (" -Wl,-search_paths_first -Wl,-headerpad_max_install_names","/Users/irisjeong/Documents/hw04-iris-jeong/src/MinSizeRel/libsrc.a","-lITPlib","-Xlinker -framework -Xlinker Cocoa","$(inherited)");
				OTHER_REZFLAGS = "";
				PRODUCT_NAME = main;
				SECTORDER_FLAGS = "";
				SYMROOT = "/Users/irisjeong/Documents/hw04-iris-jeong";
				USE_HEADERMAP = NO;
				WARNING_CFLAGS = ("$(inherited)");
			};
			name = MinSizeRel;
		};
		E7723235A0CB4626AFE8F5DD /* Release */ = {
			isa = XCBuildConfiguration;
			buildSettings = {
				COMBINE_HIDPI_IMAGES = YES;
				GCC_GENERATE_DEBUGGING_SYMBOLS = YES;
				GCC_INLINES_ARE_PRIVATE_EXTERN = NO;
				GCC_OPTIMIZATION_LEVEL = 0;
				GCC_PREPROCESSOR_DEFINITIONS = ("'CMAKE_INTDIR=\"$(CONFIGURATION)$(EFFECTIVE_PLATFORM_NAME)\"'","$(inherited)");
				GCC_SYMBOLS_PRIVATE_EXTERN = NO;
				INSTALL_PATH = "";
				OTHER_LDFLAGS = ("","$(inherited)");
				OTHER_REZFLAGS = "";
				PRODUCT_NAME = ZERO_CHECK;
				SECTORDER_FLAGS = "";
				SYMROOT = "/Users/irisjeong/Documents/hw04-iris-jeong";
				USE_HEADERMAP = NO;
				WARNING_CFLAGS = ("$(inherited)");
			};
			name = Release;
		};
		E9684F433FC84F61AA536008 /* Debug */ = {
			isa = XCBuildConfiguration;
			buildSettings = {
				ARCHS = x86_64;
				SDKROOT = /Applications/Xcode.app/Contents/Developer/Platforms/MacOSX.platform/Developer/SDKs/MacOSX12.3.sdk;
				SYMROOT = "/Users/irisjeong/Documents/hw04-iris-jeong/build";
			};
			name = Debug;
		};
/* End XCBuildConfiguration section */

/* Begin XCConfigurationList section */
		55EB00D463AD4D66AE44AA18 /* Build configuration list for PBXNativeTarget "tests" */ = {
			isa = XCConfigurationList;
			buildConfigurations = (
				1AF0DD050E8E4144B136409F /* Debug */,
				7EADE7FB111F470E8095274E /* Release */,
				76985CA9FE39468EAE41D16C /* MinSizeRel */,
				014C15634168467788CF1069 /* RelWithDebInfo */,
			);
			defaultConfigurationIsVisible = 0;
			defaultConfigurationName = Debug;
		};
		98A19E57DFE14BE2ADF098E8 /* Build configuration list for PBXNativeTarget "main" */ = {
			isa = XCConfigurationList;
			buildConfigurations = (
				B8D1D6BA635340F0B7630B90 /* Debug */,
				7EE0C8485FD34B878CF640E3 /* Release */,
				E2D1F42CAF06445C94C1AD28 /* MinSizeRel */,
				4C1FDD3411804253ADA002B0 /* RelWithDebInfo */,
			);
			defaultConfigurationIsVisible = 0;
			defaultConfigurationName = Debug;
		};
		A1160AFE638647AC8615AB99 /* Build configuration list for PBXAggregateTarget "ALL_BUILD" */ = {
			isa = XCConfigurationList;
			buildConfigurations = (
				780FB511F9BB4AD091E9BEC8 /* Debug */,
				7759E652243C4CCB9F509738 /* Release */,
				BD97EC3678CA460F89243A3A /* MinSizeRel */,
				0D7A5978E650436B9D8A9897 /* RelWithDebInfo */,
			);
			defaultConfigurationIsVisible = 0;
			defaultConfigurationName = Debug;
		};
		AB71F036D0594AB2B01377E0 /* Build configuration list for PBXProject "HW04" */ = {
			isa = XCConfigurationList;
			buildConfigurations = (
				E9684F433FC84F61AA536008 /* Debug */,
				6DF386761E34420FA5755FE7 /* Release */,
				415166A6725244DFAE634AC1 /* MinSizeRel */,
				62DECEBF82974245A607DE3E /* RelWithDebInfo */,
			);
			defaultConfigurationIsVisible = 0;
			defaultConfigurationName = Debug;
		};
		B84106E2A72749388D9D7266 /* Build configuration list for PBXNativeTarget "src" */ = {
			isa = XCConfigurationList;
			buildConfigurations = (
				16960F16A13E4F1A9AB5305D /* Debug */,
				31279028524B4AD880882BD5 /* Release */,
				A0419354125044D19C8F8AF0 /* MinSizeRel */,
				5EBD59583C6545649EFFECC2 /* RelWithDebInfo */,
			);
			defaultConfigurationIsVisible = 0;
			defaultConfigurationName = Debug;
		};
		D0DC7AB746EE42CDACA642A4 /* Build configuration list for PBXAggregateTarget "ZERO_CHECK" */ = {
			isa = XCConfigurationList;
			buildConfigurations = (
				A39B6F6A29244AA6845115AB /* Debug */,
				E7723235A0CB4626AFE8F5DD /* Release */,
				53E82EA8061B43C38D7C19BE /* MinSizeRel */,
				ADCE892A8B944DCB8C685688 /* RelWithDebInfo */,
			);
			defaultConfigurationIsVisible = 0;
			defaultConfigurationName = Debug;
		};
/* End XCConfigurationList section */
	};
	rootObject = 632493514D0B4E36866BCFE7 /* Project object */;
}
